// !$*UTF8*$!
{
	archiveVersion = 1;
	classes = {
	};
	objectVersion = 50;
	objects = {

/* Begin PBXBuildFile section */
		659289BA21AB90DB00C218D1 /* ManagementController.swift in Sources */ = {isa = PBXBuildFile; fileRef = 659289B921AB90DB00C218D1 /* ManagementController.swift */; };
		659289BC21ACC38C00C218D1 /* ManagementControllerCell.swift in Sources */ = {isa = PBXBuildFile; fileRef = 659289BB21ACC38C00C218D1 /* ManagementControllerCell.swift */; };
		659289BE21AE111B00C218D1 /* EventEditController.swift in Sources */ = {isa = PBXBuildFile; fileRef = 659289BD21AE111B00C218D1 /* EventEditController.swift */; };
		65F7B90921AB3E3F004D486A /* AppDelegate.swift in Sources */ = {isa = PBXBuildFile; fileRef = 65F7B90821AB3E3F004D486A /* AppDelegate.swift */; };
		65F7B90B21AB3E3F004D486A /* ViewController.swift in Sources */ = {isa = PBXBuildFile; fileRef = 65F7B90A21AB3E3F004D486A /* ViewController.swift */; };
		65F7B90E21AB3E3F004D486A /* Main.storyboard in Resources */ = {isa = PBXBuildFile; fileRef = 65F7B90C21AB3E3F004D486A /* Main.storyboard */; };
		65F7B91021AB3E41004D486A /* Assets.xcassets in Resources */ = {isa = PBXBuildFile; fileRef = 65F7B90F21AB3E41004D486A /* Assets.xcassets */; };
		65F7B91321AB3E41004D486A /* LaunchScreen.storyboard in Resources */ = {isa = PBXBuildFile; fileRef = 65F7B91121AB3E41004D486A /* LaunchScreen.storyboard */; };
/* End PBXBuildFile section */

/* Begin PBXFileReference section */
		659289B921AB90DB00C218D1 /* ManagementController.swift */ = {isa = PBXFileReference; lastKnownFileType = sourcecode.swift; path = ManagementController.swift; sourceTree = "<group>"; };
		659289BB21ACC38C00C218D1 /* ManagementControllerCell.swift */ = {isa = PBXFileReference; lastKnownFileType = sourcecode.swift; path = ManagementControllerCell.swift; sourceTree = "<group>"; };
		659289BD21AE111B00C218D1 /* EventEditController.swift */ = {isa = PBXFileReference; lastKnownFileType = sourcecode.swift; path = EventEditController.swift; sourceTree = "<group>"; };
		65F7B90521AB3E3F004D486A /* DateManagement.app */ = {isa = PBXFileReference; explicitFileType = wrapper.application; includeInIndex = 0; path = DateManagement.app; sourceTree = BUILT_PRODUCTS_DIR; };
		65F7B90821AB3E3F004D486A /* AppDelegate.swift */ = {isa = PBXFileReference; lastKnownFileType = sourcecode.swift; path = AppDelegate.swift; sourceTree = "<group>"; };
		65F7B90A21AB3E3F004D486A /* ViewController.swift */ = {isa = PBXFileReference; lastKnownFileType = sourcecode.swift; path = ViewController.swift; sourceTree = "<group>"; };
		65F7B90D21AB3E3F004D486A /* Base */ = {isa = PBXFileReference; lastKnownFileType = file.storyboard; name = Base; path = Base.lproj/Main.storyboard; sourceTree = "<group>"; };
		65F7B90F21AB3E41004D486A /* Assets.xcassets */ = {isa = PBXFileReference; lastKnownFileType = folder.assetcatalog; path = Assets.xcassets; sourceTree = "<group>"; };
		65F7B91221AB3E41004D486A /* Base */ = {isa = PBXFileReference; lastKnownFileType = file.storyboard; name = Base; path = Base.lproj/LaunchScreen.storyboard; sourceTree = "<group>"; };
		65F7B91421AB3E41004D486A /* Info.plist */ = {isa = PBXFileReference; lastKnownFileType = text.plist.xml; path = Info.plist; sourceTree = "<group>"; };
/* End PBXFileReference section */

/* Begin PBXFrameworksBuildPhase section */
		65F7B90221AB3E3F004D486A /* Frameworks */ = {
			isa = PBXFrameworksBuildPhase;
			buildActionMask = 2147483647;
			files = (
			);
			runOnlyForDeploymentPostprocessing = 0;
		};
/* End PBXFrameworksBuildPhase section */

/* Begin PBXGroup section */
		65F7B8FC21AB3E3F004D486A = {
			isa = PBXGroup;
			children = (
				65F7B90721AB3E3F004D486A /* DateManagement */,
				65F7B90621AB3E3F004D486A /* Products */,
			);
			sourceTree = "<group>";
		};
		65F7B90621AB3E3F004D486A /* Products */ = {
			isa = PBXGroup;
			children = (
				65F7B90521AB3E3F004D486A /* DateManagement.app */,
			);
			name = Products;
			sourceTree = "<group>";
		};
		65F7B90721AB3E3F004D486A /* DateManagement */ = {
			isa = PBXGroup;
			children = (
				65F7B90821AB3E3F004D486A /* AppDelegate.swift */,
				65F7B90A21AB3E3F004D486A /* ViewController.swift */,
				659289B921AB90DB00C218D1 /* ManagementController.swift */,
				659289BB21ACC38C00C218D1 /* ManagementControllerCell.swift */,
				659289BD21AE111B00C218D1 /* EventEditController.swift */,
				65F7B90C21AB3E3F004D486A /* Main.storyboard */,
				65F7B90F21AB3E41004D486A /* Assets.xcassets */,
				65F7B91121AB3E41004D486A /* LaunchScreen.storyboard */,
				65F7B91421AB3E41004D486A /* Info.plist */,
			);
			path = DateManagement;
			sourceTree = "<group>";
		};
/* End PBXGroup section */

/* Begin PBXNativeTarget section */
		65F7B90421AB3E3F004D486A /* DateManagement */ = {
			isa = PBXNativeTarget;
			buildConfigurationList = 65F7B91721AB3E41004D486A /* Build configuration list for PBXNativeTarget "DateManagement" */;
			buildPhases = (
				65F7B90121AB3E3F004D486A /* Sources */,
				65F7B90221AB3E3F004D486A /* Frameworks */,
				65F7B90321AB3E3F004D486A /* Resources */,
			);
			buildRules = (
			);
			dependencies = (
			);
			name = DateManagement;
			productName = DateManagement;
			productReference = 65F7B90521AB3E3F004D486A /* DateManagement.app */;
			productType = "com.apple.product-type.application";
		};
/* End PBXNativeTarget section */

/* Begin PBXProject section */
		65F7B8FD21AB3E3F004D486A /* Project object */ = {
			isa = PBXProject;
			attributes = {
				LastSwiftUpdateCheck = 1000;
				LastUpgradeCheck = 1000;
				ORGANIZATIONNAME = "张非凡";
				TargetAttributes = {
					65F7B90421AB3E3F004D486A = {
						CreatedOnToolsVersion = 10.0;
					};
				};
			};
			buildConfigurationList = 65F7B90021AB3E3F004D486A /* Build configuration list for PBXProject "DateManagement" */;
			compatibilityVersion = "Xcode 9.3";
			developmentRegion = en;
			hasScannedForEncodings = 0;
			knownRegions = (
				en,
				Base,
			);
			mainGroup = 65F7B8FC21AB3E3F004D486A;
			productRefGroup = 65F7B90621AB3E3F004D486A /* Products */;
			projectDirPath = "";
			projectRoot = "";
			targets = (
				65F7B90421AB3E3F004D486A /* DateManagement */,
			);
		};
/* End PBXProject section */

/* Begin PBXResourcesBuildPhase section */
		65F7B90321AB3E3F004D486A /* Resources */ = {
			isa = PBXResourcesBuildPhase;
			buildActionMask = 2147483647;
			files = (
				65F7B91321AB3E41004D486A /* LaunchScreen.storyboard in Resources */,
				65F7B91021AB3E41004D486A /* Assets.xcassets in Resources */,
				65F7B90E21AB3E3F004D486A /* Main.storyboard in Resources */,
			);
			runOnlyForDeploymentPostprocessing = 0;
		};
/* End PBXResourcesBuildPhase section */

/* Begin PBXSourcesBuildPhase section */
		65F7B90121AB3E3F004D486A /* Sources */ = {
			isa = PBXSourcesBuildPhase;
			buildActionMask = 2147483647;
			files = (
				659289BE21AE111B00C218D1 /* EventEditController.swift in Sources */,
				659289BA21AB90DB00C218D1 /* ManagementController.swift in Sources */,
				65F7B90B21AB3E3F004D486A /* ViewController.swift in Sources */,
				659289BC21ACC38C00C218D1 /* ManagementControllerCell.swift in Sources */,
				65F7B90921AB3E3F004D486A /* AppDelegate.swift in Sources */,
			);
			runOnlyForDeploymentPostprocessing = 0;
		};
/* End PBXSourcesBuildPhase section */

/* Begin PBXVariantGroup section */
		65F7B90C21AB3E3F004D486A /* Main.storyboard */ = {
			isa = PBXVariantGroup;
			children = (
				65F7B90D21AB3E3F004D486A /* Base */,
			);
			name = Main.storyboard;
			sourceTree = "<group>";
		};
		65F7B91121AB3E41004D486A /* LaunchScreen.storyboard */ = {
			isa = PBXVariantGroup;
			children = (
				65F7B91221AB3E41004D486A /* Base */,
			);
			name = LaunchScreen.storyboard;
			sourceTree = "<group>";
		};
/* End PBXVariantGroup section */

/* Begin XCBuildConfiguration section */
		65F7B91521AB3E41004D486A /* Debug */ = {
			isa = XCBuildConfiguration;
			buildSettings = {
				ALWAYS_SEARCH_USER_PATHS = NO;
				CLANG_ANALYZER_NONNULL = YES;
				CLANG_ANALYZER_NUMBER_OBJECT_CONVERSION = YES_AGGRESSIVE;
				CLANG_CXX_LANGUAGE_STANDARD = "gnu++14";
				CLANG_CXX_LIBRARY = "libc++";
				CLANG_ENABLE_MODULES = YES;
				CLANG_ENABLE_OBJC_ARC = YES;
				CLANG_ENABLE_OBJC_WEAK = YES;
				CLANG_WARN_BLOCK_CAPTURE_AUTORELEASING = YES;
				CLANG_WARN_BOOL_CONVERSION = YES;
				CLANG_WARN_COMMA = YES;
				CLANG_WARN_CONSTANT_CONVERSION = YES;
				CLANG_WARN_DEPRECATED_OBJC_IMPLEMENTATIONS = YES;
				CLANG_WARN_DIRECT_OBJC_ISA_USAGE = YES_ERROR;
				CLANG_WARN_DOCUMENTATION_COMMENTS = YES;
				CLANG_WARN_EMPTY_BODY = YES;
				CLANG_WARN_ENUM_CONVERSION = YES;
				CLANG_WARN_INFINITE_RECURSION = YES;
				CLANG_WARN_INT_CONVERSION = YES;
				CLANG_WARN_NON_LITERAL_NULL_CONVERSION = YES;
				CLANG_WARN_OBJC_IMPLICIT_RETAIN_SELF = YES;
				CLANG_WARN_OBJC_LITERAL_CONVERSION = YES;
				CLANG_WARN_OBJC_ROOT_CLASS = YES_ERROR;
				CLANG_WARN_RANGE_LOOP_ANALYSIS = YES;
				CLANG_WARN_STRICT_PROTOTYPES = YES;
				CLANG_WARN_SUSPICIOUS_MOVE = YES;
				CLANG_WARN_UNGUARDED_AVAILABILITY = YES_AGGRESSIVE;
				CLANG_WARN_UNREACHABLE_CODE = YES;
				CLANG_WARN__DUPLICATE_METHOD_MATCH = YES;
				CODE_SIGN_IDENTITY = "iPhone Developer";
				COPY_PHASE_STRIP = NO;
				DEBUG_INFORMATION_FORMAT = dwarf;
				ENABLE_STRICT_OBJC_MSGSEND = YES;
				ENABLE_TESTABILITY = YES;
				GCC_C_LANGUAGE_STANDARD = gnu11;
				GCC_DYNAMIC_NO_PIC = NO;
				GCC_NO_COMMON_BLOCKS = YES;
				GCC_OPTIMIZATION_LEVEL = 0;
				GCC_PREPROCESSOR_DEFINITIONS = (
					"DEBUG=1",
					"$(inherited)",
				);
				GCC_WARN_64_TO_32_BIT_CONVERSION = YES;
				GCC_WARN_ABOUT_RETURN_TYPE = YES_ERROR;
				GCC_WARN_UNDECLARED_SELECTOR = YES;
				GCC_WARN_UNINITIALIZED_AUTOS = YES_AGGRESSIVE;
				GCC_WARN_UNUSED_FUNCTION = YES;
				GCC_WARN_UNUSED_VARIABLE = YES;
				IPHONEOS_DEPLOYMENT_TARGET = 12.0;
				MTL_ENABLE_DEBUG_INFO = INCLUDE_SOURCE;
				MTL_FAST_MATH = YES;
				ONLY_ACTIVE_ARCH = YES;
				SDKROOT = iphoneos;
				SWIFT_ACTIVE_COMPILATION_CONDITIONS = DEBUG;
				SWIFT_OPTIMIZATION_LEVEL = "-Onone";
			};
			name = Debug;
		};
		65F7B91621AB3E41004D486A /* Release */ = {
			isa = XCBuildConfiguration;
			buildSettings = {
				ALWAYS_SEARCH_USER_PATHS = NO;
				CLANG_ANALYZER_NONNULL = YES;
				CLANG_ANALYZER_NUMBER_OBJECT_CONVERSION = YES_AGGRESSIVE;
				CLANG_CXX_LANGUAGE_STANDARD = "gnu++14";
				CLANG_CXX_LIBRARY = "libc++";
				CLANG_ENABLE_MODULES = YES;
				CLANG_ENABLE_OBJC_ARC = YES;
				CLANG_ENABLE_OBJC_WEAK = YES;
				CLANG_WARN_BLOCK_CAPTURE_AUTORELEASING = YES;
				CLANG_WARN_BOOL_CONVERSION = YES;
				CLANG_WARN_COMMA = YES;
				CLANG_WARN_CONSTANT_CONVERSION = YES;
				CLANG_WARN_DEPRECATED_OBJC_IMPLEMENTATIONS = YES;
				CLANG_WARN_DIRECT_OBJC_ISA_USAGE = YES_ERROR;
				CLANG_WARN_DOCUMENTATION_COMMENTS = YES;
				CLANG_WARN_EMPTY_BODY = YES;
				CLANG_WARN_ENUM_CONVERSION = YES;
				CLANG_WARN_INFINITE_RECURSION = YES;
				CLANG_WARN_INT_CONVERSION = YES;
				CLANG_WARN_NON_LITERAL_NULL_CONVERSION = YES;
				CLANG_WARN_OBJC_IMPLICIT_RETAIN_SELF = YES;
				CLANG_WARN_OBJC_LITERAL_CONVERSION = YES;
				CLANG_WARN_OBJC_ROOT_CLASS = YES_ERROR;
				CLANG_WARN_RANGE_LOOP_ANALYSIS = YES;
				CLANG_WARN_STRICT_PROTOTYPES = YES;
				CLANG_WARN_SUSPICIOUS_MOVE = YES;
				CLANG_WARN_UNGUARDED_AVAILABILITY = YES_AGGRESSIVE;
				CLANG_WARN_UNREACHABLE_CODE = YES;
				CLANG_WARN__DUPLICATE_METHOD_MATCH = YES;
				CODE_SIGN_IDENTITY = "iPhone Developer";
				COPY_PHASE_STRIP = NO;
				DEBUG_INFORMATION_FORMAT = "dwarf-with-dsym";
				ENABLE_NS_ASSERTIONS = NO;
				ENABLE_STRICT_OBJC_MSGSEND = YES;
				GCC_C_LANGUAGE_STANDARD = gnu11;
				GCC_NO_COMMON_BLOCKS = YES;
				GCC_WARN_64_TO_32_BIT_CONVERSION = YES;
				GCC_WARN_ABOUT_RETURN_TYPE = YES_ERROR;
				GCC_WARN_UNDECLARED_SELECTOR = YES;
				GCC_WARN_UNINITIALIZED_AUTOS = YES_AGGRESSIVE;
				GCC_WARN_UNUSED_FUNCTION = YES;
				GCC_WARN_UNUSED_VARIABLE = YES;
				IPHONEOS_DEPLOYMENT_TARGET = 12.0;
				MTL_ENABLE_DEBUG_INFO = NO;
				MTL_FAST_MATH = YES;
				SDKROOT = iphoneos;
				SWIFT_COMPILATION_MODE = wholemodule;
				SWIFT_OPTIMIZATION_LEVEL = "-O";
				VALIDATE_PRODUCT = YES;
			};
			name = Release;
		};
		65F7B91821AB3E41004D486A /* Debug */ = {
			isa = XCBuildConfiguration;
			buildSettings = {
				ASSETCATALOG_COMPILER_APPICON_NAME = AppIcon;
				CODE_SIGN_STYLE = Automatic;
				INFOPLIST_FILE = DateManagement/Info.plist;
				LD_RUNPATH_SEARCH_PATHS = (
					"$(inherited)",
					"@executable_path/Frameworks",
				);
				PRODUCT_BUNDLE_IDENTIFIER = feifan.DateManagement;
				PRODUCT_NAME = "$(TARGET_NAME)";
				SWIFT_VERSION = 4.2;
				TARGETED_DEVICE_FAMILY = "1,2";
			};
			name = Debug;
		};
		65F7B91921AB3E41004D486A /* Release */ = {
			isa = XCBuildConfiguration;
			buildSettings = {
				ASSETCATALOG_COMPILER_APPICON_NAME = AppIcon;
				CODE_SIGN_STYLE = Automatic;
				INFOPLIST_FILE = DateManagement/Info.plist;
				LD_RUNPATH_SEARCH_PATHS = (
					"$(inherited)",
					"@executable_path/Frameworks",
				);
				PRODUCT_BUNDLE_IDENTIFIER = feifan.DateManagement;
				PRODUCT_NAME = "$(TARGET_NAME)";
				SWIFT_VERSION = 4.2;
				TARGETED_DEVICE_FAMILY = "1,2";
			};
			name = Release;
		};
/* End XCBuildConfiguration section */

/* Begin XCConfigurationList section */
		65F7B90021AB3E3F004D486A /* Build configuration list for PBXProject "DateManagement" */ = {
			isa = XCConfigurationList;
			buildConfigurations = (
				65F7B91521AB3E41004D486A /* Debug */,
				65F7B91621AB3E41004D486A /* Release */,
			);
			defaultConfigurationIsVisible = 0;
			defaultConfigurationName = Release;
		};
		65F7B91721AB3E41004D486A /* Build configuration list for PBXNativeTarget "DateManagement" */ = {
			isa = XCConfigurationList;
			buildConfigurations = (
				65F7B91821AB3E41004D486A /* Debug */,
				65F7B91921AB3E41004D486A /* Release */,
			);
			defaultConfigurationIsVisible = 0;
			defaultConfigurationName = Release;
		};
/* End XCConfigurationList section */
	};
	rootObject = 65F7B8FD21AB3E3F004D486A /* Project object */;
}
